
Microsoft Visual Studio Solution File, Format Version 12.00
# Visual Studio 15
VisualStudioVersion = 15.0.28010.2046
MinimumVisualStudioVersion = 10.0.40219.1
Project("{FAE04EC0-301F-11D3-BF4B-00C04F79EFBC}") = "JBYTE", "JBYTE\JBYTE.csproj", "{A1162992-3BC3-486C-A525-14489B2AD397}"
EndProject
Global
	GlobalSection(SolutionConfigurationPlatforms) = preSolution
		Debug|Any CPU = Debug|Any CPU
		Release|Any CPU = Release|Any CPU
	EndGlobalSection
	GlobalSection(ProjectConfigurationPlatforms) = postSolution
		{A1162992-3BC3-486C-A525-14489B2AD397}.Debug|Any CPU.ActiveCfg = Debug|Any CPU
		{A1162992-3BC3-486C-A525-14489B2AD397}.Debug|Any CPU.Build.0 = Debug|Any CPU
		{A1162992-3BC3-486C-A525-14489B2AD397}.Release|Any CPU.ActiveCfg = Release|Any CPU
		{A1162992-3BC3-486C-A525-14489B2AD397}.Release|Any CPU.Build.0 = Release|Any CPU
	EndGlobalSection
	GlobalSection(SolutionProperties) = preSolution
		HideSolutionNode = FALSE
	EndGlobalSection
	GlobalSection(ExtensibilityGlobals) = postSolution
		SolutionGuid = {FA91B032-F3E7-47D7-820E-704CEAE5CDE2}
	EndGlobalSection
EndGlobal
